# THIS IS AN AUTOGENERATED FILE. DO NOT EDIT THIS FILE DIRECTLY.
# yarn lockfile v1


"@types/jest@^23.3.10":
  version "23.3.10"
  resolved "https://registry.yarnpkg.com/@types/jest/-/jest-23.3.10.tgz#4897974cc317bf99d4fe6af1efa15957fa9c94de"
  integrity sha512-DC8xTuW/6TYgvEg3HEXS7cu9OijFqprVDXXiOcdOKZCU/5PJNLZU37VVvmZHdtMiGOa8wAA/We+JzbdxFzQTRQ==

"@types/node@^10.12.15":
  version "10.12.15"
  resolved "https://registry.yarnpkg.com/@types/node/-/node-10.12.15.tgz#20e85651b62fd86656e57c9c9bc771ab1570bc59"
  integrity sha512-9kROxduaN98QghwwHmxXO2Xz3MaWf+I1sLVAA6KJDF5xix+IyXVhds0MAfdNwtcpSrzhaTsNB0/jnL86fgUhqA==

"@types/prop-types@*":
  version "15.5.8"
  resolved "https://registry.yarnpkg.com/@types/prop-types/-/prop-types-15.5.8.tgz#8ae4e0ea205fe95c3901a5a1df7f66495e3a56ce"
  integrity sha512-3AQoUxQcQtLHsK25wtTWIoIpgYjH3vSDroZOUr7PpCHw/jLY1RB9z9E8dBT/OSmwStVgkRNvdh+ZHNiomRieaw==

"@types/react-dom@^16.0.11":
  version "16.0.11"
  resolved "https://registry.yarnpkg.com/@types/react-dom/-/react-dom-16.0.11.tgz#bd10ccb0d9260343f4b9a49d4f7a8330a5c1f081"
  integrity sha512-x6zUx9/42B5Kl2Vl9HlopV8JF64wLpX3c+Pst9kc1HgzrsH+mkehe/zmHMQTplIrR48H2gpU7ZqurQolYu8XBA==
  dependencies:
    "@types/react" "*"

"@types/react@*", "@types/react@^16.7.17":
  version "16.7.17"
  resolved "https://registry.yarnpkg.com/@types/react/-/react-16.7.17.tgz#3242e796a1ffbba4f49eae5915a67f4c079504e9"
  integrity sha512-YcXcaoXaxo7A76mBCGlKlN2aZu3REQfF0DTrhiyXVJLA7PDdxVCr+wiQOrkVNn44D/zLlIyDSn3U918Ve0AaEA==
  dependencies:
    "@types/prop-types" "*"
    csstype "^2.2.0"

csstype@^2.2.0:
  version "2.5.8"
  resolved "https://registry.yarnpkg.com/csstype/-/csstype-2.5.8.tgz#4ce5aa16ea0d562ef9105fa3ae2676f199586a35"
  integrity sha512-r4DbsyNJ7slwBSKoGesxDubRWJ71ghG8W2+1HcsDlAo12KGca9dDLv0u98tfdFw7ldBdoA7XmCnI6Q8LpAJXaQ==

typescript@^3.2.2:
  version "3.2.2"
  resolved "https://registry.yarnpkg.com/typescript/-/typescript-3.2.2.tgz#fe8101c46aa123f8353523ebdcf5730c2ae493e5"
  integrity sha512-VCj5UiSyHBjwfYacmDuc/NOk4QQixbE+Wn7MFJuS0nRuPQbof132Pw4u53dm264O8LPc2MVsc7RJNml5szurkg==
