# THIS IS AN AUTOGENERATED FILE. DO NOT EDIT THIS FILE DIRECTLY.
# yarn lockfile v1


"@types/jest@^23.3.10":
  version "23.3.13"
  resolved "https://registry.yarnpkg.com/@types/jest/-/jest-23.3.13.tgz#c81484b6f4ca007bb09887ed15ecb3286d58f928"

"@types/node@^10.12.15":
  version "10.12.18"
  resolved "https://registry.yarnpkg.com/@types/node/-/node-10.12.18.tgz#1d3ca764718915584fcd9f6344621b7672665c67"

"@types/prop-types@*":
  version "15.5.8"
  resolved "https://registry.yarnpkg.com/@types/prop-types/-/prop-types-15.5.8.tgz#8ae4e0ea205fe95c3901a5a1df7f66495e3a56ce"

"@types/react-dom@^16.0.11":
  version "16.0.11"
  resolved "https://registry.yarnpkg.com/@types/react-dom/-/react-dom-16.0.11.tgz#bd10ccb0d9260343f4b9a49d4f7a8330a5c1f081"
  dependencies:
    "@types/react" "*"

"@types/react-redux@^7.0.1":
  version "7.0.1"
  resolved "https://registry.yarnpkg.com/@types/react-redux/-/react-redux-7.0.1.tgz#9dd2503be7a9861c5a092bf1c5050b7ade4dc62e"
  dependencies:
    "@types/react" "*"
    redux "^4.0.0"

"@types/react@*", "@types/react@^16.7.21":
  version "16.7.21"
  resolved "https://registry.yarnpkg.com/@types/react/-/react-16.7.21.tgz#17e45871a2502e33b12b63279f44e1c02a4632fc"
  dependencies:
    "@types/prop-types" "*"
    csstype "^2.2.0"

csstype@^2.2.0:
  version "2.6.1"
  resolved "https://registry.yarnpkg.com/csstype/-/csstype-2.6.1.tgz#4cfbf637a577497036ebcd7e32647ef19a0b8076"

"js-tokens@^3.0.0 || ^4.0.0":
  version "4.0.0"
  resolved "https://registry.yarnpkg.com/js-tokens/-/js-tokens-4.0.0.tgz#19203fb59991df98e3a287050d4647cdeaf32499"

loose-envify@^1.4.0:
  version "1.4.0"
  resolved "https://registry.yarnpkg.com/loose-envify/-/loose-envify-1.4.0.tgz#71ee51fa7be4caec1a63839f7e682d8132d30caf"
  dependencies:
    js-tokens "^3.0.0 || ^4.0.0"

redux@^4.0.0:
  version "4.0.1"
  resolved "https://registry.yarnpkg.com/redux/-/redux-4.0.1.tgz#436cae6cc40fbe4727689d7c8fae44808f1bfef5"
  dependencies:
    loose-envify "^1.4.0"
    symbol-observable "^1.2.0"

symbol-observable@^1.2.0:
  version "1.2.0"
  resolved "https://registry.yarnpkg.com/symbol-observable/-/symbol-observable-1.2.0.tgz#c22688aed4eab3cdc2dfeacbb561660560a00804"

typescript@^3.2.2:
  version "3.2.4"
  resolved "https://registry.yarnpkg.com/typescript/-/typescript-3.2.4.tgz#c585cb952912263d915b462726ce244ba510ef3d"
